
Microsoft Visual Studio Solution File, Format Version 12.00
# Visual Studio Version 17
VisualStudioVersion = 17.7.34024.191
MinimumVisualStudioVersion = 10.0.40219.1
Project("{2150E333-8FDC-42A3-9474-1A3956D46DE8}") = "01 Dal_Bll_Sample", "01 Dal_Bll_Sample", "{79A1AC29-4A15-4223-8F81-2FE227072BF4}"
EndProject
Project("{2150E333-8FDC-42A3-9474-1A3956D46DE8}") = "02 Cqs", "02 Cqs", "{8E77DC97-D6FA-412E-ACB7-F26C78C77C6A}"
EndProject
Project("{2150E333-8FDC-42A3-9474-1A3956D46DE8}") = "00 Database", "00 Database", "{F3CFF024-48BF-40C7-AA52-0C149DC85443}"
EndProject
Project("{00D1A9C2-B5F0-4AF3-8072-F6C62B433612}") = "SampleDatabase", "SampleDatabase\SampleDatabase.sqlproj", "{995718A0-026A-4D95-947B-432452C2A041}"
EndProject
Project("{FAE04EC0-301F-11D3-BF4B-00C04F79EFBC}") = "PrepaMomentTech_20230918.Dal", "PrepaMomentTech_20230918.Dal\PrepaMomentTech_20230918.Dal.csproj", "{EF857DDB-5F37-4137-A84B-8CBBB06660E8}"
EndProject
Project("{FAE04EC0-301F-11D3-BF4B-00C04F79EFBC}") = "PrepaMomentTech_20230918.Bll", "PrepaMomentTech_20230918.Bll\PrepaMomentTech_20230918.Bll.csproj", "{E05EF4C4-CCEB-486F-B970-90075E3EEB8D}"
EndProject
Project("{FAE04EC0-301F-11D3-BF4B-00C04F79EFBC}") = "PrepaMomentTech_20230918.DalBllApp", "PrepaMomentTech_20230918.DalBllApp\PrepaMomentTech_20230918.DalBllApp.csproj", "{877D3224-B625-44D1-BC70-629E9B7DA242}"
EndProject
Project("{FAE04EC0-301F-11D3-BF4B-00C04F79EFBC}") = "PrepaMomentTech_20230918.Model", "PrepaMomentTech_20230918.Model\PrepaMomentTech_20230918.Model.csproj", "{C029C791-058F-4D6E-80C4-141006F88712}"
EndProject
Project("{FAE04EC0-301F-11D3-BF4B-00C04F79EFBC}") = "PrepaMomentTech_20230918.CqsApp", "PrepaMomentTech_20230918.CqsApp\PrepaMomentTech_20230918.CqsApp.csproj", "{ADD60245-C475-44E2-AE46-FC47493A059F}"
EndProject
Project("{2150E333-8FDC-42A3-9474-1A3956D46DE8}") = "A Dal", "A Dal", "{508ED264-06EF-4B31-B3DD-7979C53889E0}"
EndProject
Project("{2150E333-8FDC-42A3-9474-1A3956D46DE8}") = "B Bll", "B Bll", "{5CDF4208-73D6-49CA-A823-BF0888444665}"
EndProject
Project("{2150E333-8FDC-42A3-9474-1A3956D46DE8}") = "C App", "C App", "{E3C0BEAB-239C-48E6-8207-EF7AE3004A45}"
EndProject
Project("{2150E333-8FDC-42A3-9474-1A3956D46DE8}") = "A Model", "A Model", "{1BADA48C-7AF9-4427-898F-A0ACD0917DDD}"
EndProject
Project("{2150E333-8FDC-42A3-9474-1A3956D46DE8}") = "B App", "B App", "{13FDEBB4-742E-48F4-840B-28A77B48FC81}"
EndProject
Project("{2150E333-8FDC-42A3-9474-1A3956D46DE8}") = "99 Tools", "99 Tools", "{3763EFF2-5233-4AFF-926F-4AA5098466EB}"
EndProject
Project("{FAE04EC0-301F-11D3-BF4B-00C04F79EFBC}") = "Tools", "Tools\Tools.csproj", "{FA466404-DA3E-4102-B752-4F3AEBB01E50}"
EndProject
Global
	GlobalSection(SolutionConfigurationPlatforms) = preSolution
		Debug|Any CPU = Debug|Any CPU
		Release|Any CPU = Release|Any CPU
	EndGlobalSection
	GlobalSection(ProjectConfigurationPlatforms) = postSolution
		{995718A0-026A-4D95-947B-432452C2A041}.Debug|Any CPU.ActiveCfg = Debug|Any CPU
		{995718A0-026A-4D95-947B-432452C2A041}.Debug|Any CPU.Build.0 = Debug|Any CPU
		{995718A0-026A-4D95-947B-432452C2A041}.Debug|Any CPU.Deploy.0 = Debug|Any CPU
		{995718A0-026A-4D95-947B-432452C2A041}.Release|Any CPU.ActiveCfg = Release|Any CPU
		{995718A0-026A-4D95-947B-432452C2A041}.Release|Any CPU.Build.0 = Release|Any CPU
		{995718A0-026A-4D95-947B-432452C2A041}.Release|Any CPU.Deploy.0 = Release|Any CPU
		{EF857DDB-5F37-4137-A84B-8CBBB06660E8}.Debug|Any CPU.ActiveCfg = Debug|Any CPU
		{EF857DDB-5F37-4137-A84B-8CBBB06660E8}.Debug|Any CPU.Build.0 = Debug|Any CPU
		{EF857DDB-5F37-4137-A84B-8CBBB06660E8}.Release|Any CPU.ActiveCfg = Release|Any CPU
		{EF857DDB-5F37-4137-A84B-8CBBB06660E8}.Release|Any CPU.Build.0 = Release|Any CPU
		{E05EF4C4-CCEB-486F-B970-90075E3EEB8D}.Debug|Any CPU.ActiveCfg = Debug|Any CPU
		{E05EF4C4-CCEB-486F-B970-90075E3EEB8D}.Debug|Any CPU.Build.0 = Debug|Any CPU
		{E05EF4C4-CCEB-486F-B970-90075E3EEB8D}.Release|Any CPU.ActiveCfg = Release|Any CPU
		{E05EF4C4-CCEB-486F-B970-90075E3EEB8D}.Release|Any CPU.Build.0 = Release|Any CPU
		{877D3224-B625-44D1-BC70-629E9B7DA242}.Debug|Any CPU.ActiveCfg = Debug|Any CPU
		{877D3224-B625-44D1-BC70-629E9B7DA242}.Debug|Any CPU.Build.0 = Debug|Any CPU
		{877D3224-B625-44D1-BC70-629E9B7DA242}.Release|Any CPU.ActiveCfg = Release|Any CPU
		{877D3224-B625-44D1-BC70-629E9B7DA242}.Release|Any CPU.Build.0 = Release|Any CPU
		{C029C791-058F-4D6E-80C4-141006F88712}.Debug|Any CPU.ActiveCfg = Debug|Any CPU
		{C029C791-058F-4D6E-80C4-141006F88712}.Debug|Any CPU.Build.0 = Debug|Any CPU
		{C029C791-058F-4D6E-80C4-141006F88712}.Release|Any CPU.ActiveCfg = Release|Any CPU
		{C029C791-058F-4D6E-80C4-141006F88712}.Release|Any CPU.Build.0 = Release|Any CPU
		{ADD60245-C475-44E2-AE46-FC47493A059F}.Debug|Any CPU.ActiveCfg = Debug|Any CPU
		{ADD60245-C475-44E2-AE46-FC47493A059F}.Debug|Any CPU.Build.0 = Debug|Any CPU
		{ADD60245-C475-44E2-AE46-FC47493A059F}.Release|Any CPU.ActiveCfg = Release|Any CPU
		{ADD60245-C475-44E2-AE46-FC47493A059F}.Release|Any CPU.Build.0 = Release|Any CPU
		{FA466404-DA3E-4102-B752-4F3AEBB01E50}.Debug|Any CPU.ActiveCfg = Debug|Any CPU
		{FA466404-DA3E-4102-B752-4F3AEBB01E50}.Debug|Any CPU.Build.0 = Debug|Any CPU
		{FA466404-DA3E-4102-B752-4F3AEBB01E50}.Release|Any CPU.ActiveCfg = Release|Any CPU
		{FA466404-DA3E-4102-B752-4F3AEBB01E50}.Release|Any CPU.Build.0 = Release|Any CPU
	EndGlobalSection
	GlobalSection(SolutionProperties) = preSolution
		HideSolutionNode = FALSE
	EndGlobalSection
	GlobalSection(NestedProjects) = preSolution
		{995718A0-026A-4D95-947B-432452C2A041} = {F3CFF024-48BF-40C7-AA52-0C149DC85443}
		{EF857DDB-5F37-4137-A84B-8CBBB06660E8} = {508ED264-06EF-4B31-B3DD-7979C53889E0}
		{E05EF4C4-CCEB-486F-B970-90075E3EEB8D} = {5CDF4208-73D6-49CA-A823-BF0888444665}
		{877D3224-B625-44D1-BC70-629E9B7DA242} = {E3C0BEAB-239C-48E6-8207-EF7AE3004A45}
		{C029C791-058F-4D6E-80C4-141006F88712} = {1BADA48C-7AF9-4427-898F-A0ACD0917DDD}
		{ADD60245-C475-44E2-AE46-FC47493A059F} = {13FDEBB4-742E-48F4-840B-28A77B48FC81}
		{508ED264-06EF-4B31-B3DD-7979C53889E0} = {79A1AC29-4A15-4223-8F81-2FE227072BF4}
		{5CDF4208-73D6-49CA-A823-BF0888444665} = {79A1AC29-4A15-4223-8F81-2FE227072BF4}
		{E3C0BEAB-239C-48E6-8207-EF7AE3004A45} = {79A1AC29-4A15-4223-8F81-2FE227072BF4}
		{1BADA48C-7AF9-4427-898F-A0ACD0917DDD} = {8E77DC97-D6FA-412E-ACB7-F26C78C77C6A}
		{13FDEBB4-742E-48F4-840B-28A77B48FC81} = {8E77DC97-D6FA-412E-ACB7-F26C78C77C6A}
		{FA466404-DA3E-4102-B752-4F3AEBB01E50} = {3763EFF2-5233-4AFF-926F-4AA5098466EB}
	EndGlobalSection
	GlobalSection(ExtensibilityGlobals) = postSolution
		SolutionGuid = {C7188376-D66E-43FA-BCA2-8C5CC53CDD07}
	EndGlobalSection
EndGlobal
